
Microsoft Visual Studio Solution File, Format Version 12.00
# Visual Studio 2013
VisualStudioVersion = 12.0.30501.0
MinimumVisualStudioVersion = 10.0.40219.1
Project("{FAE04EC0-301F-11D3-BF4B-00C04F79EFBC}") = "AChartBindingDroid", "AChartBindingDroid\AChartBindingDroid.csproj", "{B5CA7CC4-49BF-455A-A65D-EB5774F49DE8}"
EndProject
Project("{FAE04EC0-301F-11D3-BF4B-00C04F79EFBC}") = "AChartBindingDroid.Test", "AChartBindingDroid.Test\AChartBindingDroid.Test.csproj", "{76E1C3D3-D4E7-441D-A9F7-2D1268C2D963}"
EndProject
Global
	GlobalSection(SolutionConfigurationPlatforms) = preSolution
		Debug|Any CPU = Debug|Any CPU
		Release|Any CPU = Release|Any CPU
	EndGlobalSection
	GlobalSection(ProjectConfigurationPlatforms) = postSolution
		{B5CA7CC4-49BF-455A-A65D-EB5774F49DE8}.Debug|Any CPU.ActiveCfg = Debug|Any CPU
		{B5CA7CC4-49BF-455A-A65D-EB5774F49DE8}.Debug|Any CPU.Build.0 = Debug|Any CPU
		{B5CA7CC4-49BF-455A-A65D-EB5774F49DE8}.Release|Any CPU.ActiveCfg = Release|Any CPU
		{B5CA7CC4-49BF-455A-A65D-EB5774F49DE8}.Release|Any CPU.Build.0 = Release|Any CPU
		{76E1C3D3-D4E7-441D-A9F7-2D1268C2D963}.Debug|Any CPU.ActiveCfg = Debug|Any CPU
		{76E1C3D3-D4E7-441D-A9F7-2D1268C2D963}.Debug|Any CPU.Build.0 = Debug|Any CPU
		{76E1C3D3-D4E7-441D-A9F7-2D1268C2D963}.Debug|Any CPU.Deploy.0 = Debug|Any CPU
		{76E1C3D3-D4E7-441D-A9F7-2D1268C2D963}.Release|Any CPU.ActiveCfg = Release|Any CPU
		{76E1C3D3-D4E7-441D-A9F7-2D1268C2D963}.Release|Any CPU.Build.0 = Release|Any CPU
		{76E1C3D3-D4E7-441D-A9F7-2D1268C2D963}.Release|Any CPU.Deploy.0 = Release|Any CPU
	EndGlobalSection
	GlobalSection(SolutionProperties) = preSolution
		HideSolutionNode = FALSE
	EndGlobalSection
EndGlobal
