
Microsoft Visual Studio Solution File, Format Version 12.00
# Visual Studio 2012
Project("{FAE04EC0-301F-11D3-BF4B-00C04F79EFBC}") = "WebviewImgAnimationSample", "webviewSample\WebviewImgAnimationSample.csproj", "{EAD7FB99-B534-4003-8218-010E8137712C}"
EndProject
Global
	GlobalSection(SolutionConfigurationPlatforms) = preSolution
		Debug|Any CPU = Debug|Any CPU
		Release|Any CPU = Release|Any CPU
	EndGlobalSection
	GlobalSection(ProjectConfigurationPlatforms) = postSolution
		{EAD7FB99-B534-4003-8218-010E8137712C}.Debug|Any CPU.ActiveCfg = Debug|Any CPU
		{EAD7FB99-B534-4003-8218-010E8137712C}.Debug|Any CPU.Build.0 = Debug|Any CPU
		{EAD7FB99-B534-4003-8218-010E8137712C}.Release|Any CPU.ActiveCfg = Release|Any CPU
		{EAD7FB99-B534-4003-8218-010E8137712C}.Release|Any CPU.Build.0 = Release|Any CPU
	EndGlobalSection
	GlobalSection(MonoDevelopProperties) = preSolution
		StartupItem = webviewSample\WebviewImgAnimationSample.csproj
	EndGlobalSection
EndGlobal
