
Microsoft Visual Studio Solution File, Format Version 12.00
# Visual Studio 2012
Project("{FAE04EC0-301F-11D3-BF4B-00C04F79EFBC}") = "ScreenSize", "ScreenSize\ScreenSize.csproj", "{BABDDF25-2D1D-4CE1-8829-C5CD5447A498}"
EndProject
Global
	GlobalSection(SolutionConfigurationPlatforms) = preSolution
		Debug|iPhoneSimulator = Debug|iPhoneSimulator
		Release|iPhoneSimulator = Release|iPhoneSimulator
		Debug|iPhone = Debug|iPhone
		Release|iPhone = Release|iPhone
		Ad-Hoc|iPhone = Ad-Hoc|iPhone
		AppStore|iPhone = AppStore|iPhone
	EndGlobalSection
	GlobalSection(ProjectConfigurationPlatforms) = postSolution
		{BABDDF25-2D1D-4CE1-8829-C5CD5447A498}.Ad-Hoc|iPhone.ActiveCfg = Ad-Hoc|iPhone
		{BABDDF25-2D1D-4CE1-8829-C5CD5447A498}.Ad-Hoc|iPhone.Build.0 = Ad-Hoc|iPhone
		{BABDDF25-2D1D-4CE1-8829-C5CD5447A498}.AppStore|iPhone.ActiveCfg = AppStore|iPhone
		{BABDDF25-2D1D-4CE1-8829-C5CD5447A498}.AppStore|iPhone.Build.0 = AppStore|iPhone
		{BABDDF25-2D1D-4CE1-8829-C5CD5447A498}.Debug|iPhone.ActiveCfg = Debug|iPhone
		{BABDDF25-2D1D-4CE1-8829-C5CD5447A498}.Debug|iPhone.Build.0 = Debug|iPhone
		{BABDDF25-2D1D-4CE1-8829-C5CD5447A498}.Debug|iPhoneSimulator.ActiveCfg = Debug|iPhoneSimulator
		{BABDDF25-2D1D-4CE1-8829-C5CD5447A498}.Debug|iPhoneSimulator.Build.0 = Debug|iPhoneSimulator
		{BABDDF25-2D1D-4CE1-8829-C5CD5447A498}.Release|iPhone.ActiveCfg = Release|iPhone
		{BABDDF25-2D1D-4CE1-8829-C5CD5447A498}.Release|iPhone.Build.0 = Release|iPhone
		{BABDDF25-2D1D-4CE1-8829-C5CD5447A498}.Release|iPhoneSimulator.ActiveCfg = Release|iPhoneSimulator
		{BABDDF25-2D1D-4CE1-8829-C5CD5447A498}.Release|iPhoneSimulator.Build.0 = Release|iPhoneSimulator
	EndGlobalSection
	GlobalSection(MonoDevelopProperties) = preSolution
		StartupItem = ScreenSize\ScreenSize.csproj
	EndGlobalSection
EndGlobal
