
Microsoft Visual Studio Solution File, Format Version 11.00
# Visual Studio 2010
Project("{FAE04EC0-301F-11D3-BF4B-00C04F79EFBC}") = "SqliteNetExample", "SqliteNetExample\SqliteNetExample.csproj", "{93437BF7-A485-4B71-B879-4821CA662956}"
EndProject
Global
	GlobalSection(SolutionConfigurationPlatforms) = preSolution
		Debug|Any CPU = Debug|Any CPU
		Release|Any CPU = Release|Any CPU
	EndGlobalSection
	GlobalSection(ProjectConfigurationPlatforms) = postSolution
		{93437BF7-A485-4B71-B879-4821CA662956}.Debug|Any CPU.ActiveCfg = Debug|Any CPU
		{93437BF7-A485-4B71-B879-4821CA662956}.Debug|Any CPU.Build.0 = Debug|Any CPU
		{93437BF7-A485-4B71-B879-4821CA662956}.Release|Any CPU.ActiveCfg = Release|Any CPU
		{93437BF7-A485-4B71-B879-4821CA662956}.Release|Any CPU.Build.0 = Release|Any CPU
	EndGlobalSection
	GlobalSection(MonoDevelopProperties) = preSolution
		StartupItem = SqliteNetExample\SqliteNetExample.csproj
	EndGlobalSection
EndGlobal
