
Microsoft Visual Studio Solution File, Format Version 11.00
# Visual Studio 2010
Project("{FAE04EC0-301F-11D3-BF4B-00C04F79EFBC}") = "MonoDroid.DatePickerSample", "MonoDroid.DatePickerSample\MonoDroid.DatePickerSample.csproj", "{A563375D-A5E6-4483-834B-9A803D214C18}"
EndProject
Global
	GlobalSection(SolutionConfigurationPlatforms) = preSolution
		Debug|Any CPU = Debug|Any CPU
		Release|Any CPU = Release|Any CPU
	EndGlobalSection
	GlobalSection(ProjectConfigurationPlatforms) = postSolution
		{A563375D-A5E6-4483-834B-9A803D214C18}.Debug|Any CPU.ActiveCfg = Debug|Any CPU
		{A563375D-A5E6-4483-834B-9A803D214C18}.Debug|Any CPU.Build.0 = Debug|Any CPU
		{A563375D-A5E6-4483-834B-9A803D214C18}.Debug|Any CPU.Deploy.0 = Debug|Any CPU
		{A563375D-A5E6-4483-834B-9A803D214C18}.Release|Any CPU.ActiveCfg = Release|Any CPU
		{A563375D-A5E6-4483-834B-9A803D214C18}.Release|Any CPU.Build.0 = Release|Any CPU
		{A563375D-A5E6-4483-834B-9A803D214C18}.Release|Any CPU.Deploy.0 = Release|Any CPU
	EndGlobalSection
	GlobalSection(SolutionProperties) = preSolution
		HideSolutionNode = FALSE
	EndGlobalSection
EndGlobal
