
Microsoft Visual Studio Solution File, Format Version 11.00
# Visual Studio 2010
Project("{FAE04EC0-301F-11D3-BF4B-00C04F79EFBC}") = "NutiteqSDKBindings", "NutiteqSDKBindings\NutiteqSDKBindings.csproj", "{5CDF2D7F-B815-403F-8063-39527A674A0D}"
EndProject
Project("{FAE04EC0-301F-11D3-BF4B-00C04F79EFBC}") = "NutiteqSDKTest", "NutiteqSDKTest\NutiteqSDKTest.csproj", "{1E5D2CBD-FFDE-4733-872E-4D70B8A834F1}"
EndProject
Global
	GlobalSection(SolutionConfigurationPlatforms) = preSolution
		Debug|Any CPU = Debug|Any CPU
		Release|Any CPU = Release|Any CPU
	EndGlobalSection
	GlobalSection(ProjectConfigurationPlatforms) = postSolution
		{1E5D2CBD-FFDE-4733-872E-4D70B8A834F1}.Debug|Any CPU.ActiveCfg = Debug|Any CPU
		{1E5D2CBD-FFDE-4733-872E-4D70B8A834F1}.Debug|Any CPU.Build.0 = Debug|Any CPU
		{1E5D2CBD-FFDE-4733-872E-4D70B8A834F1}.Release|Any CPU.ActiveCfg = Release|Any CPU
		{1E5D2CBD-FFDE-4733-872E-4D70B8A834F1}.Release|Any CPU.Build.0 = Release|Any CPU
		{5CDF2D7F-B815-403F-8063-39527A674A0D}.Debug|Any CPU.ActiveCfg = Debug|Any CPU
		{5CDF2D7F-B815-403F-8063-39527A674A0D}.Debug|Any CPU.Build.0 = Debug|Any CPU
		{5CDF2D7F-B815-403F-8063-39527A674A0D}.Release|Any CPU.ActiveCfg = Release|Any CPU
		{5CDF2D7F-B815-403F-8063-39527A674A0D}.Release|Any CPU.Build.0 = Release|Any CPU
	EndGlobalSection
	GlobalSection(MonoDevelopProperties) = preSolution
		StartupItem = NutiteqSDKTest\NutiteqSDKTest.csproj
	EndGlobalSection
EndGlobal
