
Microsoft Visual Studio Solution File, Format Version 11.00
# Visual Studio 2010
Project("{FAE04EC0-301F-11D3-BF4B-00C04F79EFBC}") = "SplashDemo", "SplashDemo\SplashDemo.csproj", "{4D91C05C-655B-4711-AA9D-AF9688C7641B}"
EndProject
Global
	GlobalSection(SolutionConfigurationPlatforms) = preSolution
		Debug|Any CPU = Debug|Any CPU
		Release|Any CPU = Release|Any CPU
	EndGlobalSection
	GlobalSection(ProjectConfigurationPlatforms) = postSolution
		{4D91C05C-655B-4711-AA9D-AF9688C7641B}.Debug|Any CPU.ActiveCfg = Debug|Any CPU
		{4D91C05C-655B-4711-AA9D-AF9688C7641B}.Debug|Any CPU.Build.0 = Debug|Any CPU
		{4D91C05C-655B-4711-AA9D-AF9688C7641B}.Release|Any CPU.ActiveCfg = Release|Any CPU
		{4D91C05C-655B-4711-AA9D-AF9688C7641B}.Release|Any CPU.Build.0 = Release|Any CPU
	EndGlobalSection
	GlobalSection(MonoDevelopProperties) = preSolution
		StartupItem = SplashDemo\SplashDemo.csproj
	EndGlobalSection
EndGlobal
