
Microsoft Visual Studio Solution File, Format Version 12.00
# Visual Studio 2012
Project("{FAE04EC0-301F-11D3-BF4B-00C04F79EFBC}") = "BluetoothWidget", "BluetoothWidget\BluetoothWidget.csproj", "{6A497E23-5812-40A9-A107-7D6B1B84D901}"
EndProject
Global
	GlobalSection(SolutionConfigurationPlatforms) = preSolution
		Debug|Any CPU = Debug|Any CPU
		Release|Any CPU = Release|Any CPU
	EndGlobalSection
	GlobalSection(ProjectConfigurationPlatforms) = postSolution
		{6A497E23-5812-40A9-A107-7D6B1B84D901}.Debug|Any CPU.ActiveCfg = Debug|Any CPU
		{6A497E23-5812-40A9-A107-7D6B1B84D901}.Debug|Any CPU.Build.0 = Debug|Any CPU
		{6A497E23-5812-40A9-A107-7D6B1B84D901}.Debug|Any CPU.Deploy.0 = Debug|Any CPU
		{6A497E23-5812-40A9-A107-7D6B1B84D901}.Release|Any CPU.ActiveCfg = Release|Any CPU
		{6A497E23-5812-40A9-A107-7D6B1B84D901}.Release|Any CPU.Build.0 = Release|Any CPU
		{6A497E23-5812-40A9-A107-7D6B1B84D901}.Release|Any CPU.Deploy.0 = Release|Any CPU
	EndGlobalSection
	GlobalSection(SolutionProperties) = preSolution
		HideSolutionNode = FALSE
	EndGlobalSection
EndGlobal
