
Microsoft Visual Studio Solution File, Format Version 11.00
# Visual Studio 2010
Project("{FAE04EC0-301F-11D3-BF4B-00C04F79EFBC}") = "DragAndDrop", "DragAndDrop\DragAndDrop.csproj", "{B830B897-3F1C-42E3-A758-808492BDB884}"
EndProject
Global
	GlobalSection(SolutionConfigurationPlatforms) = preSolution
		Debug|Any CPU = Debug|Any CPU
		Release|Any CPU = Release|Any CPU
	EndGlobalSection
	GlobalSection(ProjectConfigurationPlatforms) = postSolution
		{B830B897-3F1C-42E3-A758-808492BDB884}.Debug|Any CPU.ActiveCfg = Debug|Any CPU
		{B830B897-3F1C-42E3-A758-808492BDB884}.Debug|Any CPU.Build.0 = Debug|Any CPU
		{B830B897-3F1C-42E3-A758-808492BDB884}.Release|Any CPU.ActiveCfg = Release|Any CPU
		{B830B897-3F1C-42E3-A758-808492BDB884}.Release|Any CPU.Build.0 = Release|Any CPU
	EndGlobalSection
	GlobalSection(MonoDevelopProperties) = preSolution
		StartupItem = DragAndDrop\DragAndDrop.csproj
	EndGlobalSection
EndGlobal
