
Microsoft Visual Studio Solution File, Format Version 12.00
# Visual Studio 2012
Project("{FAE04EC0-301F-11D3-BF4B-00C04F79EFBC}") = "UILabelExample", "UILabelExample\UILabelExample.csproj", "{C2804C10-6A97-4B8C-BFE6-DE48E8C6FDBE}"
EndProject
Global
	GlobalSection(SolutionConfigurationPlatforms) = preSolution
		Debug|iPhoneSimulator = Debug|iPhoneSimulator
		Release|iPhoneSimulator = Release|iPhoneSimulator
		Debug|iPhone = Debug|iPhone
		Release|iPhone = Release|iPhone
		Ad-Hoc|iPhone = Ad-Hoc|iPhone
		AppStore|iPhone = AppStore|iPhone
	EndGlobalSection
	GlobalSection(ProjectConfigurationPlatforms) = postSolution
		{C2804C10-6A97-4B8C-BFE6-DE48E8C6FDBE}.Ad-Hoc|iPhone.ActiveCfg = Ad-Hoc|iPhone
		{C2804C10-6A97-4B8C-BFE6-DE48E8C6FDBE}.Ad-Hoc|iPhone.Build.0 = Ad-Hoc|iPhone
		{C2804C10-6A97-4B8C-BFE6-DE48E8C6FDBE}.AppStore|iPhone.ActiveCfg = AppStore|iPhone
		{C2804C10-6A97-4B8C-BFE6-DE48E8C6FDBE}.AppStore|iPhone.Build.0 = AppStore|iPhone
		{C2804C10-6A97-4B8C-BFE6-DE48E8C6FDBE}.Debug|iPhone.ActiveCfg = Debug|iPhone
		{C2804C10-6A97-4B8C-BFE6-DE48E8C6FDBE}.Debug|iPhone.Build.0 = Debug|iPhone
		{C2804C10-6A97-4B8C-BFE6-DE48E8C6FDBE}.Debug|iPhoneSimulator.ActiveCfg = Debug|iPhoneSimulator
		{C2804C10-6A97-4B8C-BFE6-DE48E8C6FDBE}.Debug|iPhoneSimulator.Build.0 = Debug|iPhoneSimulator
		{C2804C10-6A97-4B8C-BFE6-DE48E8C6FDBE}.Release|iPhone.ActiveCfg = Release|iPhone
		{C2804C10-6A97-4B8C-BFE6-DE48E8C6FDBE}.Release|iPhone.Build.0 = Release|iPhone
		{C2804C10-6A97-4B8C-BFE6-DE48E8C6FDBE}.Release|iPhoneSimulator.ActiveCfg = Release|iPhoneSimulator
		{C2804C10-6A97-4B8C-BFE6-DE48E8C6FDBE}.Release|iPhoneSimulator.Build.0 = Release|iPhoneSimulator
	EndGlobalSection
	GlobalSection(MonoDevelopProperties) = preSolution
		StartupItem = UILabelExample\UILabelExample.csproj
	EndGlobalSection
EndGlobal
