
Microsoft Visual Studio Solution File, Format Version 11.00
# Visual Studio 2010
Project("{FAE04EC0-301F-11D3-BF4B-00C04F79EFBC}") = "Guardar_Video", "Guardar_Video\Guardar_Video.csproj", "{A6B08DBE-D39E-4243-A563-C2883830B227}"
EndProject
Global
	GlobalSection(SolutionConfigurationPlatforms) = preSolution
		Debug|Any CPU = Debug|Any CPU
		Release|Any CPU = Release|Any CPU
	EndGlobalSection
	GlobalSection(ProjectConfigurationPlatforms) = postSolution
		{A6B08DBE-D39E-4243-A563-C2883830B227}.Debug|Any CPU.ActiveCfg = Debug|Any CPU
		{A6B08DBE-D39E-4243-A563-C2883830B227}.Debug|Any CPU.Build.0 = Debug|Any CPU
		{A6B08DBE-D39E-4243-A563-C2883830B227}.Release|Any CPU.ActiveCfg = Release|Any CPU
		{A6B08DBE-D39E-4243-A563-C2883830B227}.Release|Any CPU.Build.0 = Release|Any CPU
	EndGlobalSection
	GlobalSection(MonoDevelopProperties) = preSolution
		StartupItem = Guardar_Video\Guardar_Video.csproj
	EndGlobalSection
EndGlobal
